Microsoft Visual Studio Solution File, Format Version 12.00
# Visual Studio Version 16
VisualStudioVersion = 16.0.29721.120
MinimumVisualStudioVersion = 10.0.40219.1
Project("{9A19103F-16F7-4668-BE54-9A1E7A4F7556}") = "Um32Core", "Um32Core.csproj", "{7F18108C-27C3-4121-8A9B-9A217418CFD9}"
EndProject
Project("{FAE04EC0-301F-11D3-BF4B-00C04F79EFBC}") = "Um32Core.Tests", "..\Um32Core.Tests\Um32Core.Tests.csproj", "{3D70543F-8532-4042-A809-94C0667883DF}"
EndProject
Global
	GlobalSection(SolutionConfigurationPlatforms) = preSolution
		Debug|Any CPU = Debug|Any CPU
		Release|Any CPU = Release|Any CPU
	EndGlobalSection
	GlobalSection(ProjectConfigurationPlatforms) = postSolution
		{7F18108C-27C3-4121-8A9B-9A217418CFD9}.Debug|Any CPU.ActiveCfg = Debug|Any CPU
		{7F18108C-27C3-4121-8A9B-9A217418CFD9}.Debug|Any CPU.Build.0 = Debug|Any CPU
		{7F18108C-27C3-4121-8A9B-9A217418CFD9}.Release|Any CPU.ActiveCfg = Release|Any CPU
		{7F18108C-27C3-4121-8A9B-9A217418CFD9}.Release|Any CPU.Build.0 = Release|Any CPU
		{3D70543F-8532-4042-A809-94C0667883DF}.Debug|Any CPU.ActiveCfg = Debug|Any CPU
		{3D70543F-8532-4042-A809-94C0667883DF}.Debug|Any CPU.Build.0 = Debug|Any CPU
		{3D70543F-8532-4042-A809-94C0667883DF}.Release|Any CPU.ActiveCfg = Release|Any CPU
		{3D70543F-8532-4042-A809-94C0667883DF}.Release|Any CPU.Build.0 = Release|Any CPU
	EndGlobalSection
	GlobalSection(SolutionProperties) = preSolution
		HideSolutionNode = FALSE
	EndGlobalSection
	GlobalSection(ExtensibilityGlobals) = postSolution
		SolutionGuid = {5A003D38-7090-4C5C-9B6C-785EA17BF416}
	EndGlobalSection
EndGlobal
